<Solution>
  <Folder Name="/src/" />
  <Folder Name="/tests/">
    <Project Path="tests/CommonTestUtilities/CommonTestUtilities.csproj" />
    <Project Path="tests/UseCases.Tests/UseCases.Tests.csproj" />
    <Project Path="tests/Validators.Tests/Validators.Tests.csproj" />
    <Project Path="src/CashFlow.Api/CashFlow.Api.csproj" />
    <Project Path="src/CashFlow.Application/CashFlow.Application.csproj" />
    <Project Path="src/CashFlow.Communication/CashFlow.Communication.csproj" />
    <Project Path="src/CashFlow.Domain/CashFlow.Domain.csproj" />
    <Project Path="src/CashFlow.Exception/CashFlow.Exception.csproj" />
    <Project Path="src/CashFlow.Infrastructure/CashFlow.Infrastructure.csproj" />
  </Folder>
</Solution>
